github.com/andybalholm/brotli v1.0.4 h1:V7DdXeJtZscaqfNuAdSRuRFzuiKlHSC/Zh3zl9qY3JY=
github.com/andybalholm/brotli v1.0.4/go.mod h1:fO7iG3H7G2nSZ7m0zPUDn85XEX2GTukHGRSepvi9Eig=
github.com/bradfitz/gomemcache v0.0.0-20220106215444-fb4bf637b56d h1:pVrfxiGfwelyab6n21ZBkbkmbevaf+WvMIiR7sr97hw=
github.com/bradfitz/gomemcache v0.0.0-20220106215444-fb4bf637b56d/go.mod h1:H0wQNHz2YrLsuXOZozoeDmnHXkNCRmMW0gwFWDfEZDA=
github.com/davecgh/go-spew v1.1.0 h1:ZDRjVQ15GmhC3fiQ8ni8+OwkZQO4DARzQgrnXU1Liz8=
github.com/davecgh/go-spew v1.1.0/go.mod h1:J7Y8YcW2NihsgmVo/mv3lAwl/skON4iLHjSsI+c5H38=
github.com/go-sql-driver/mysql v1.6.0 h1:BCTh4TKNUYmOmMUcQ3IipzF5prigylS7XXjEkfCHuOE=
github.com/golang-jwt/jwt/v4 v4.4.2 h1:rcc4lwaZgFMCZ5jxF9ABolDcIHdBytAFgqFPbSJQAYs=
github.com/golang-jwt/jwt/v4 v4.4.2/go.mod h1:m21LjoU+eqJr34lmDMbreY2eSTRJ1cv77w39/MY0Ch0=
github.com/gomodule/redigo v1.8.9 h1:Sl3u+2BI/kk+VEatbj0scLdrFhjPmbxOc1myhDP41ws=
github.com/gomodule/redigo v1.8.9/go.mod h1:7ArFNvsTjH8GMMzB4uy1snslv2BwmginuMs06a1uzZE=
github.com/google/uuid v1.3.0 h1:t6JiXgmwXMjEs8VusXIJk2BXHsn+wx8BZdTaoZ5fu7I=
github.com/issue9/assert/v3 v3.0.0/go.mod h1:yft/uaskRpwQTyBT3n1zRl91SR1wNlO4fLZHzOa4bdM=
github.com/issue9/assert/v3 v3.0.1 h1:8DPOYgzX3ajiyrVZz6f3GoLn4wuy+vIV750CKFgFGmE=
github.com/issue9/assert/v3 v3.0.1/go.mod h1:yft/uaskRpwQTyBT3n1zRl91SR1wNlO4fLZHzOa4bdM=
github.com/issue9/autoinc v1.0.9 h1:40rlqt+4tMT04Adv7H7Frw8Dn9E7VeKQvDRBMMDgZYU=
github.com/issue9/autoinc v1.0.9/go.mod h1:0cZrIqIA6YwwYrPa98JVM4zhAPCMaiuJTSoV0NL4n4E=
github.com/issue9/cache v0.4.0 h1:U7jo4gVjDnbcB1HxCC8KxgQigVq93OKmZah/dBoSCA8=
github.com/issue9/cache v0.4.0/go.mod h1:qrpL9RzMBXUH9l5gE/I73XDDZICh/dMoFVQ+U5omfsE=
github.com/issue9/conv v1.3.1 h1:c+VnP9knVnGelZ8zbO5efmACthaoAUaG1522l5XxZUs=
github.com/issue9/conv v1.3.1/go.mod h1:yyrOg9M6wXOa3O18ktylaNTbDdHtlvorxnUUWapn1KA=
github.com/issue9/errwrap v0.3.1 h1:8g4lYJaGnoiXyZ1oZyH/7zPDGgw5RNiE9Q6ri9kE6Z8=
github.com/issue9/errwrap v0.3.1/go.mod h1:HLR0e5iimd2aJXM9YrThOsRj3/6lMtk77lVp7zyvJ4E=
github.com/issue9/localeutil v0.12.3 h1:8A5CIu2pqQOPmdLgI67tW9aQUKNC6qRqxwSvjvJ5Flk=
github.com/issue9/localeutil v0.12.3/go.mod h1:gkQDwlOAxYHBp+dambK5KQf30kCyHIUc0vd4l2kG1CM=
github.com/issue9/logs/v4 v4.0.0-beta.5 h1:+HbrsIdS6CDf1kpM4nnAxM5eTc6Ak1TLszeGGS71Yq0=
github.com/issue9/logs/v4 v4.0.0-beta.5/go.mod h1:JhM0t62CsCxNMU7+kioi1Ug9xM9La2n8EFaxudOpwPc=
github.com/issue9/middleware/v6 v6.0.0-beta.8 h1:kyNn1FLuEWs1kftgSGsIqh8k+nHsYdRv+7tKSGqa+Fc=
github.com/issue9/middleware/v6 v6.0.0-beta.8/go.mod h1:fRfBCgpe+vKQ691W2C8o5veH7PY7FuxZlJkF2Fm8yEQ=
github.com/issue9/mux/v7 v7.0.0-beta.2 h1:bVwB7EmcXavLhivU2TCBMCfNQJ4uNbORqs9YXb9CAvk=
github.com/issue9/mux/v7 v7.0.0-beta.2/go.mod h1:JsBw9CLJ5PF0jFVBS8G71Hmm6rGVinq85BmoF59krNw=
github.com/issue9/orm/v5 v5.0.0-beta.9 h1:j/qq39rrLavassI75RW0DoQ0P8K1K5Ykb6Tp+7dFjHw=
github.com/issue9/orm/v5 v5.0.0-beta.9/go.mod h1:Tanhbh4tU7UUIWzQJDog8+U4lOzMgg/QLUijmaQFRp4=
github.com/issue9/query/v3 v3.1.0 h1:lDYQwBuuqgaljzF4Zbj5pWHt2D6onfLjYbRqmxWW+NY=
github.com/issue9/query/v3 v3.1.0/go.mod h1:4wwaS+9KJzC2UpppPTuDyK6123eelwm5aPWJ64xn68I=
github.com/issue9/rands v1.2.1 h1:HikmS1xqk+nQIaMC2fzgs+XdZ2p9WlG5hmsWS37jFnQ=
github.com/issue9/rands v1.2.1/go.mod h1:VXKtg4HYv2RQWfZgNVqV6tp4HAZuZb1DLScAMN1D8ZI=
github.com/issue9/scheduled v0.9.3 h1:yvh1ATiw7KvweQdj3x3nFOM9eb1frNIC5iyFwchD25A=
github.com/issue9/scheduled v0.9.3/go.mod h1:+xuAijQZ/oEWVs2XJhIQz7aAJbBFEKczJgDe6llimag=
github.com/issue9/sliceutil v0.11.0 h1:gAXOzApULwTV8MTHhu7oZm1QCClnmEIYvF3iZ6SotUg=
github.com/issue9/sliceutil v0.11.0/go.mod h1:o6Th8chH+PTCVfqHksJvWZnmZhDa5bnufgQbtO1x7zI=
github.com/issue9/source v0.2.0 h1:2IkbNSUJrhArwgkCN34XlFzOvyCkQhrsT8bGdsvnxvU=
github.com/issue9/source v0.2.0/go.mod h1:UiT+EBDamiNs56qPzmFQjwNsuvstSo5P5h23+Ej8RZs=
github.com/issue9/term/v3 v3.0.1 h1:hHI443oqpuYrM+57pmvtc4Om6/+A5GN5UqjVbyOVXm4=
github.com/issue9/term/v3 v3.0.1/go.mod h1:MlRXsODuHriTqguWAIZBCEogX2H2w9eZrz/NVzCXZO8=
github.com/issue9/unique v1.3.2 h1:p+zNj8R+2lvFrmmzHmS7Ohp27UecVK0mA+zx6MNXNL4=
github.com/issue9/unique v1.3.2/go.mod h1:ws0FcpbLb85HKTBZNdnqSMOH/Pk3CZFv7A8i09YFEUs=
github.com/issue9/validator v0.2.3 h1:kgZQFOQ6goTLN9lP5K/Ds/qzmRZyk9Rw1naLb4Rf7tQ=
github.com/issue9/validator v0.2.3/go.mod h1:0DmhLkXqTBaAyCjFeb/Cq8NiidgKXO11b6OS1qJfh5Q=
github.com/issue9/web v0.59.0 h1:f2ykZEqjoVrEkcG+Abbc99F7WekBoDH1XZIOtAyz6hs=
github.com/issue9/web v0.59.0/go.mod h1:N1hPK/55KeC0zsdYhbznlNVbHs4nWUQMcW8RbDOGvQA=
github.com/kballard/go-shellquote v0.0.0-20180428030007-95032a82bc51 h1:Z9n2FFNUXsshfwJMBgNA0RU6/i7WVaAegv3PtuIHPMs=
github.com/klauspost/compress v1.15.10 h1:Ai8UzuomSCDw90e1qNMtb15msBXsNpH6gzkkENQNcJo=
github.com/klauspost/compress v1.15.10/go.mod h1:QPwzmACJjUTFsnSHH934V6woptycfrDDJnH7hvFVbGM=
github.com/lib/pq v1.10.6 h1:jbk+ZieJ0D7EVGJYpL9QTz7/YW6UHbmdnZWYyK5cdBs=
github.com/mattn/go-isatty v0.0.16 h1:bq3VjFmv/sOjHtdEhmkEV4x1AJtvUvOJ2PFAZ5+peKQ=
github.com/mattn/go-sqlite3 v1.14.15 h1:vfoHhTN1af61xCRSWzFIWzx2YskyMTwHLrExkBOjvxI=
github.com/mattn/go-sqlite3 v1.14.15/go.mod h1:2eHXhiwb8IkHr+BDWZGa96P6+rkvnG63S2DGjv9HUNg=
github.com/pmezard/go-difflib v1.0.0 h1:4DBwDE0NGyQoBHbLQYPwSUPoCMWR5BEzIk/f1lZbAQM=
github.com/pmezard/go-difflib v1.0.0/go.mod h1:iKH77koFhYxTK1pcRnkKkqfTogsbg7gZNVY4sRDYZ/4=
github.com/remyoudompheng/bigfft v0.0.0-20200410134404-eec4a21b6bb0 h1:OdAsTTz6OkFY5QxjkYwrChwuRruF69c169dPK26NUlk=
github.com/shopspring/decimal v1.3.1 h1:2Usl1nmF/WZucqkFZhnfFYxxxu8LG21F6nPQBE5gKV8=
github.com/shopspring/decimal v1.3.1/go.mod h1:DKyhrW/HYNuLGql+MJL6WCR6knT2jwCFRcu2hWCYk4o=
github.com/stretchr/objx v0.1.0/go.mod h1:HFkY916IF+rwdDfMAkV7OtwuqBVzrE8GR6GFx+wExME=
github.com/stretchr/testify v1.7.0 h1:nwc3DEeHmmLAfoZucVR881uASk0Mfjw8xYJ99tb5CcY=
github.com/stretchr/testify v1.7.0/go.mod h1:6Fq8oRcR53rry900zMqJjRRixrwX3KX962/h/Wwjteg=
golang.org/x/crypto v0.0.0-20220829220503-c86fa9a7ed90 h1:Y/gsMcFOcR+6S6f3YeMKl5g+dZMEWqcz5Czj/GWYbkM=
golang.org/x/crypto v0.0.0-20220829220503-c86fa9a7ed90/go.mod h1:IxCIyHEi3zRg3s0A5j5BB6A9Jmi73HwBIUl50j+osU4=
golang.org/x/exp v0.0.0-20220916125017-b168a2c6b86b h1:SCE/18RnFsLrjydh/R/s5EVvHoZprqEQUuoxK8q2Pc4=
golang.org/x/exp v0.0.0-20220916125017-b168a2c6b86b/go.mod h1:cyybsKvd6eL0RnXn6p/Grxp8F5bW7iYuBgsNCOHpMYE=
golang.org/x/mod v0.6.0-dev.0.20220419223038-86c51ed26bb4 h1:6zppjxzCulZykYSLyVDYbneBfbaBIQPYMevg0bEwv2s=
golang.org/x/net v0.0.0-20220909164309-bea034e7d591 h1:D0B/7al0LLrVC8aWF4+oxpv/m8bc7ViFfVS8/gXGdqI=
golang.org/x/net v0.0.0-20220909164309-bea034e7d591/go.mod h1:YDH+HFinaLZZlnHAfSS6ZXJJ9M9t4Dl22yv3iI2vPwk=
golang.org/x/sys v0.0.0-20220915200043-7b5979e65e41 h1:ohgcoMbSofXygzo6AD2I1kz3BFmW1QArPYTtwEM3UXc=
golang.org/x/sys v0.0.0-20220915200043-7b5979e65e41/go.mod h1:oPkhp1MJrh7nUepCBck5+mAzfO9JrbApNNgaTdGDITg=
golang.org/x/text v0.3.7 h1:olpwvP2KacW1ZWvsR7uQhoyTYvKAupfQrRGBFM352Gk=
golang.org/x/text v0.3.7/go.mod h1:u+2+/6zg+i71rQMx5EYifcz6MCKuco9NR6JIITiCfzQ=
golang.org/x/tools v0.1.12 h1:VveCTK38A2rkS8ZqFY25HIDFscX5X9OoEhJd3quQmXU=
golang.org/x/xerrors v0.0.0-20220907171357-04be3eba64a2 h1:H2TDz8ibqkAF6YGhCdN3jS9O0/s90v0rJh3X/OLHEUk=
golang.org/x/xerrors v0.0.0-20220907171357-04be3eba64a2/go.mod h1:K8+ghG5WaK9qNqU5K3HdILfMLy1f3aNYFI/wnl100a8=
gopkg.in/check.v1 v0.0.0-20161208181325-20d25e280405 h1:yhCVgyC4o1eVCa2tZl7eS0r+SDo693bJlVdllGtEeKM=
gopkg.in/check.v1 v0.0.0-20161208181325-20d25e280405/go.mod h1:Co6ibVJAznAaIkqp8huTwlJQCZ016jof/cbN4VW5Yz0=
gopkg.in/yaml.v3 v3.0.0-20200313102051-9f266ea9e77c/go.mod h1:K4uyk7z7BCEPqu6E+C64Yfv1cQ7kz7rIZviUmN+EgEM=
gopkg.in/yaml.v3 v3.0.1 h1:fxVm/GzAzEWqLHuvctI91KS9hhNmmWOoWu0XTYJS7CA=
gopkg.in/yaml.v3 v3.0.1/go.mod h1:K4uyk7z7BCEPqu6E+C64Yfv1cQ7kz7rIZviUmN+EgEM=
lukechampine.com/uint128 v1.1.1 h1:pnxCASz787iMf+02ssImqk6OLt+Z5QHMoZyUXR4z6JU=
modernc.org/cc/v3 v3.38.1 h1:Yu2IiiRpustRFUgMDZKwVn2RvyJzpfYSOw7zHeKtSi4=
modernc.org/ccgo/v3 v3.16.9 h1:AXquSwg7GuMk11pIdw7fmO1Y/ybgazVkMhsZWCV0mHM=
modernc.org/libc v1.19.0 h1:bXyVhGQg6KIClTr8FMVIDPl7jtbcs7aS5WP7vLDaxPs=
modernc.org/mathutil v1.5.0 h1:rV0Ko/6SfM+8G+yKiyI830l3Wuz1zRutdslNoQ0kfiQ=
modernc.org/memory v1.4.0 h1:crykUfNSnMAXaOJnnxcSzbUGMqkLWjklJKkBK2nwZwk=
modernc.org/opt v0.1.3 h1:3XOZf2yznlhC+ibLltsDGzABUGVx8J6pnFMS3E4dcq4=
modernc.org/sqlite v1.19.1 h1:8xmS5oLnZtAK//vnd4aTVj8VOeTAccEFOtUnIzfSw+4=
modernc.org/strutil v1.1.3 h1:fNMm+oJklMGYfU9Ylcywl0CO5O6nTfaowNsh2wpPjzY=
modernc.org/token v1.0.1 h1:A3qvTqOwexpfZZeyI0FeGPDlSWX5pjZu9hF4lU+EKWg=
